
Microsoft Visual Studio Solution File, Format Version 12.00
# Visual Studio Version 17
VisualStudioVersion = 17.2.32519.379
MinimumVisualStudioVersion = 10.0.40219.1
Project("{FAE04EC0-301F-11D3-BF4B-00C04F79EFBC}") = "UnityAop", "UnityAop\UnityAop.csproj", "{B5859D99-5048-4BD7-8353-D634F8F2D905}"
EndProject
Global
	GlobalSection(SolutionConfigurationPlatforms) = preSolution
		Debug|Any CPU = Debug|Any CPU
		Release|Any CPU = Release|Any CPU
	EndGlobalSection
	GlobalSection(ProjectConfigurationPlatforms) = postSolution
		{B5859D99-5048-4BD7-8353-D634F8F2D905}.Debug|Any CPU.ActiveCfg = Debug|Any CPU
		{B5859D99-5048-4BD7-8353-D634F8F2D905}.Debug|Any CPU.Build.0 = Debug|Any CPU
		{B5859D99-5048-4BD7-8353-D634F8F2D905}.Release|Any CPU.ActiveCfg = Release|Any CPU
		{B5859D99-5048-4BD7-8353-D634F8F2D905}.Release|Any CPU.Build.0 = Release|Any CPU
	EndGlobalSection
	GlobalSection(SolutionProperties) = preSolution
		HideSolutionNode = FALSE
	EndGlobalSection
	GlobalSection(ExtensibilityGlobals) = postSolution
		SolutionGuid = {554EAED9-1295-4BF7-A8C7-F10781650277}
	EndGlobalSection
EndGlobal
